
Microsoft Visual Studio Solution File, Format Version 12.00
Project("{FAE04EC0-301F-11D3-BF4B-00C04F79EFBC}") = "SQLServerConfigurationSample", "SQLServerConfigurationSample\SQLServerConfigurationSample.csproj", "{133364ED-B02C-4DDE-9E6F-954640516F8C}"
EndProject
Project("{FAE04EC0-301F-11D3-BF4B-00C04F79EFBC}") = "Shahab.Extensions.Configuration.SqlServer", "Shahab.Extensions.Configuration.SqlServer\Shahab.Extensions.Configuration.SqlServer.csproj", "{7EB9B296-A9F7-4513-8D9C-1D20B700452A}"
EndProject
Global
	GlobalSection(SolutionConfigurationPlatforms) = preSolution
		Debug|Any CPU = Debug|Any CPU
		Release|Any CPU = Release|Any CPU
	EndGlobalSection
	GlobalSection(ProjectConfigurationPlatforms) = postSolution
		{133364ED-B02C-4DDE-9E6F-954640516F8C}.Debug|Any CPU.ActiveCfg = Debug|Any CPU
		{133364ED-B02C-4DDE-9E6F-954640516F8C}.Debug|Any CPU.Build.0 = Debug|Any CPU
		{133364ED-B02C-4DDE-9E6F-954640516F8C}.Release|Any CPU.ActiveCfg = Release|Any CPU
		{133364ED-B02C-4DDE-9E6F-954640516F8C}.Release|Any CPU.Build.0 = Release|Any CPU
		{7EB9B296-A9F7-4513-8D9C-1D20B700452A}.Debug|Any CPU.ActiveCfg = Debug|Any CPU
		{7EB9B296-A9F7-4513-8D9C-1D20B700452A}.Debug|Any CPU.Build.0 = Debug|Any CPU
		{7EB9B296-A9F7-4513-8D9C-1D20B700452A}.Release|Any CPU.ActiveCfg = Release|Any CPU
		{7EB9B296-A9F7-4513-8D9C-1D20B700452A}.Release|Any CPU.Build.0 = Release|Any CPU
	EndGlobalSection
EndGlobal
